
Microsoft Visual Studio Solution File, Format Version 12.00
# Visual Studio Version 16
VisualStudioVersion = 16.0.30517.126
MinimumVisualStudioVersion = 10.0.40219.1
Project("{F184B08F-C81C-45F6-A57F-5ABD9991F28F}") = "tictactoe", "tictactoe\tictactoe.vbproj", "{968C562E-04ED-49ED-9BA7-128E0B14D656}"
EndProject
Global
	GlobalSection(SolutionConfigurationPlatforms) = preSolution
		Debug|Any CPU = Debug|Any CPU
		Release|Any CPU = Release|Any CPU
	EndGlobalSection
	GlobalSection(ProjectConfigurationPlatforms) = postSolution
		{968C562E-04ED-49ED-9BA7-128E0B14D656}.Debug|Any CPU.ActiveCfg = Debug|Any CPU
		{968C562E-04ED-49ED-9BA7-128E0B14D656}.Debug|Any CPU.Build.0 = Debug|Any CPU
		{968C562E-04ED-49ED-9BA7-128E0B14D656}.Release|Any CPU.ActiveCfg = Debug|Any CPU
		{968C562E-04ED-49ED-9BA7-128E0B14D656}.Release|Any CPU.Build.0 = Debug|Any CPU
	EndGlobalSection
	GlobalSection(SolutionProperties) = preSolution
		HideSolutionNode = FALSE
	EndGlobalSection
	GlobalSection(ExtensibilityGlobals) = postSolution
		SolutionGuid = {1CB26102-0B76-4832-9930-1256E3111FC4}
	EndGlobalSection
EndGlobal
